// !$*UTF8*$!
{
	archiveVersion = 1;
	classes = {
	};
	objectVersion = 46;
	objects = {

/* Begin PBXBuildFile section */
		154BFE0716C9C09900B4EFCF /* UIKit.framework in Frameworks */ = {isa = PBXBuildFile; fileRef = 154BFE0616C9C09900B4EFCF /* UIKit.framework */; };
		154BFE0916C9C09900B4EFCF /* Foundation.framework in Frameworks */ = {isa = PBXBuildFile; fileRef = 154BFE0816C9C09900B4EFCF /* Foundation.framework */; };
		154BFE0B16C9C09900B4EFCF /* CoreGraphics.framework in Frameworks */ = {isa = PBXBuildFile; fileRef = 154BFE0A16C9C09900B4EFCF /* CoreGraphics.framework */; };
		154BFE3916C9C5A500B4EFCF /* QuartzCore.framework in Frameworks */ = {isa = PBXBuildFile; fileRef = 154BFE3816C9C5A500B4EFCF /* QuartzCore.framework */; };
		154BFE4916CAD98E00B4EFCF /* antReader-Info.plist in Resources */ = {isa = PBXBuildFile; fileRef = 154BFE3A16CAD98E00B4EFCF /* antReader-Info.plist */; };
		154BFE4A16CAD98E00B4EFCF /* Default-568h@2x.png in Resources */ = {isa = PBXBuildFile; fileRef = 154BFE3C16CAD98E00B4EFCF /* Default-568h@2x.png */; };
		154BFE4B16CAD98E00B4EFCF /* Default.png in Resources */ = {isa = PBXBuildFile; fileRef = 154BFE3D16CAD98E00B4EFCF /* Default.png */; };
		154BFE4C16CAD98E00B4EFCF /* Default@2x.png in Resources */ = {isa = PBXBuildFile; fileRef = 154BFE3E16CAD98E00B4EFCF /* Default@2x.png */; };
		154BFE4D16CAD98E00B4EFCF /* InfoPlist.strings in Resources */ = {isa = PBXBuildFile; fileRef = 154BFE4016CAD98E00B4EFCF /* InfoPlist.strings */; };
		154BFE4E16CAD98E00B4EFCF /* MainStoryboard.storyboard in Resources */ = {isa = PBXBuildFile; fileRef = 154BFE4216CAD98E00B4EFCF /* MainStoryboard.storyboard */; };
		154BFE4F16CAD98E00B4EFCF /* main.m in Sources */ = {isa = PBXBuildFile; fileRef = 154BFE4416CAD98E00B4EFCF /* main.m */; };
		154BFE5016CAD98E00B4EFCF /* xacAppDelegate.m in Sources */ = {isa = PBXBuildFile; fileRef = 154BFE4616CAD98E00B4EFCF /* xacAppDelegate.m */; };
		154BFE5116CAD98E00B4EFCF /* xacViewController.m in Sources */ = {isa = PBXBuildFile; fileRef = 154BFE4816CAD98E00B4EFCF /* xacViewController.m */; };
		154BFE5A16CAD9AD00B4EFCF /* xacBuffer.m in Sources */ = {isa = PBXBuildFile; fileRef = 154BFE5316CAD9AD00B4EFCF /* xacBuffer.m */; };
		154BFE5B16CAD9AD00B4EFCF /* xacData.m in Sources */ = {isa = PBXBuildFile; fileRef = 154BFE5516CAD9AD00B4EFCF /* xacData.m */; };
		154BFE5C16CAD9AD00B4EFCF /* xacNetworkStreaming.m in Sources */ = {isa = PBXBuildFile; fileRef = 154BFE5716CAD9AD00B4EFCF /* xacNetworkStreaming.m */; };
		154BFE5D16CAD9AD00B4EFCF /* xacVector.m in Sources */ = {isa = PBXBuildFile; fileRef = 154BFE5916CAD9AD00B4EFCF /* xacVector.m */; };
		154BFE6916CAE11A00B4EFCF /* xacUIBehavior.m in Sources */ = {isa = PBXBuildFile; fileRef = 154BFE6816CAE11A00B4EFCF /* xacUIBehavior.m */; };
		154BFE6C16CAE15C00B4EFCF /* xacUIFade.m in Sources */ = {isa = PBXBuildFile; fileRef = 154BFE6B16CAE15C00B4EFCF /* xacUIFade.m */; };
		154BFE7016CB152900B4EFCF /* xacUIScroll.m in Sources */ = {isa = PBXBuildFile; fileRef = 154BFE6F16CB152900B4EFCF /* xacUIScroll.m */; };
		15DA8E5816EAB20400CD9031 /* xacTooltip.m in Sources */ = {isa = PBXBuildFile; fileRef = 15DA8E5716EAB20400CD9031 /* xacTooltip.m */; };
		15DA8E5B16EABFCD00CD9031 /* xacUIHelp.m in Sources */ = {isa = PBXBuildFile; fileRef = 15DA8E5A16EABFCD00CD9031 /* xacUIHelp.m */; };
		15DA8E5E16EAC00D00CD9031 /* xacUIShadow.m in Sources */ = {isa = PBXBuildFile; fileRef = 15DA8E5D16EAC00D00CD9031 /* xacUIShadow.m */; };
		15DA8E7916F3B1B400CD9031 /* speed1.png in Resources */ = {isa = PBXBuildFile; fileRef = 15DA8E7616F3B1B200CD9031 /* speed1.png */; };
		15DA8E7A16F3B1B400CD9031 /* speed2.png in Resources */ = {isa = PBXBuildFile; fileRef = 15DA8E7716F3B1B300CD9031 /* speed2.png */; };
		15DA8E7B16F3B1B400CD9031 /* speed3.png in Resources */ = {isa = PBXBuildFile; fileRef = 15DA8E7816F3B1B300CD9031 /* speed3.png */; };
		15DA8E7E16F3B23700CD9031 /* xacUIToast.m in Sources */ = {isa = PBXBuildFile; fileRef = 15DA8E7D16F3B23700CD9031 /* xacUIToast.m */; };
		15DA8E8216F3BC4900CD9031 /* speed-down-1.png in Resources */ = {isa = PBXBuildFile; fileRef = 15DA8E7F16F3BC4800CD9031 /* speed-down-1.png */; };
		15DA8E8316F3BC4900CD9031 /* speed-down-2.png in Resources */ = {isa = PBXBuildFile; fileRef = 15DA8E8016F3BC4800CD9031 /* speed-down-2.png */; };
		15DA8E8416F3BC4900CD9031 /* speed-down-3.png in Resources */ = {isa = PBXBuildFile; fileRef = 15DA8E8116F3BC4800CD9031 /* speed-down-3.png */; };
		15E43E5916E52DEB00228CBC /* xacTextSelection.m in Sources */ = {isa = PBXBuildFile; fileRef = 15E43E5816E52DEB00228CBC /* xacTextSelection.m */; };
/* End PBXBuildFile section */

/* Begin PBXFileReference section */
		154BFE0316C9C09900B4EFCF /* antReader.app */ = {isa = PBXFileReference; explicitFileType = wrapper.application; includeInIndex = 0; path = antReader.app; sourceTree = BUILT_PRODUCTS_DIR; };
		154BFE0616C9C09900B4EFCF /* UIKit.framework */ = {isa = PBXFileReference; lastKnownFileType = wrapper.framework; name = UIKit.framework; path = System/Library/Frameworks/UIKit.framework; sourceTree = SDKROOT; };
		154BFE0816C9C09900B4EFCF /* Foundation.framework */ = {isa = PBXFileReference; lastKnownFileType = wrapper.framework; name = Foundation.framework; path = System/Library/Frameworks/Foundation.framework; sourceTree = SDKROOT; };
		154BFE0A16C9C09900B4EFCF /* CoreGraphics.framework */ = {isa = PBXFileReference; lastKnownFileType = wrapper.framework; name = CoreGraphics.framework; path = System/Library/Frameworks/CoreGraphics.framework; sourceTree = SDKROOT; };
		154BFE3816C9C5A500B4EFCF /* QuartzCore.framework */ = {isa = PBXFileReference; lastKnownFileType = wrapper.framework; name = QuartzCore.framework; path = System/Library/Frameworks/QuartzCore.framework; sourceTree = SDKROOT; };
		154BFE3A16CAD98E00B4EFCF /* antReader-Info.plist */ = {isa = PBXFileReference; fileEncoding = 4; lastKnownFileType = text.plist.xml; name = "antReader-Info.plist"; path = "antReader/antReader-Info.plist"; sourceTree = SOURCE_ROOT; };
		154BFE3B16CAD98E00B4EFCF /* antReader-Prefix.pch */ = {isa = PBXFileReference; fileEncoding = 4; lastKnownFileType = sourcecode.c.h; name = "antReader-Prefix.pch"; path = "antReader/antReader-Prefix.pch"; sourceTree = SOURCE_ROOT; };
		154BFE3C16CAD98E00B4EFCF /* Default-568h@2x.png */ = {isa = PBXFileReference; lastKnownFileType = image.png; name = "Default-568h@2x.png"; path = "antReader/Default-568h@2x.png"; sourceTree = SOURCE_ROOT; };
		154BFE3D16CAD98E00B4EFCF /* Default.png */ = {isa = PBXFileReference; lastKnownFileType = image.png; name = Default.png; path = antReader/Default.png; sourceTree = SOURCE_ROOT; };
		154BFE3E16CAD98E00B4EFCF /* Default@2x.png */ = {isa = PBXFileReference; lastKnownFileType = image.png; name = "Default@2x.png"; path = "antReader/Default@2x.png"; sourceTree = SOURCE_ROOT; };
		154BFE4116CAD98E00B4EFCF /* en */ = {isa = PBXFileReference; lastKnownFileType = text.plist.strings; name = en; path = InfoPlist.strings; sourceTree = "<group>"; };
		154BFE4316CAD98E00B4EFCF /* en */ = {isa = PBXFileReference; lastKnownFileType = file.storyboard; name = en; path = MainStoryboard.storyboard; sourceTree = "<group>"; };
		154BFE4416CAD98E00B4EFCF /* main.m */ = {isa = PBXFileReference; fileEncoding = 4; lastKnownFileType = sourcecode.c.objc; name = main.m; path = antReader/main.m; sourceTree = SOURCE_ROOT; };
		154BFE4516CAD98E00B4EFCF /* xacAppDelegate.h */ = {isa = PBXFileReference; fileEncoding = 4; lastKnownFileType = sourcecode.c.h; name = xacAppDelegate.h; path = antReader/xacAppDelegate.h; sourceTree = SOURCE_ROOT; };
		154BFE4616CAD98E00B4EFCF /* xacAppDelegate.m */ = {isa = PBXFileReference; fileEncoding = 4; lastKnownFileType = sourcecode.c.objc; name = xacAppDelegate.m; path = antReader/xacAppDelegate.m; sourceTree = SOURCE_ROOT; };
		154BFE4716CAD98E00B4EFCF /* xacViewController.h */ = {isa = PBXFileReference; fileEncoding = 4; lastKnownFileType = sourcecode.c.h; name = xacViewController.h; path = antReader/xacViewController.h; sourceTree = SOURCE_ROOT; };
		154BFE4816CAD98E00B4EFCF /* xacViewController.m */ = {isa = PBXFileReference; fileEncoding = 4; lastKnownFileType = sourcecode.c.objc; name = xacViewController.m; path = antReader/xacViewController.m; sourceTree = SOURCE_ROOT; };
		154BFE5216CAD9AD00B4EFCF /* xacBuffer.h */ = {isa = PBXFileReference; fileEncoding = 4; lastKnownFileType = sourcecode.c.h; name = xacBuffer.h; path = ../../PMDClientTCP/PMDClientTCP/xacBuffer.h; sourceTree = "<group>"; };
		154BFE5316CAD9AD00B4EFCF /* xacBuffer.m */ = {isa = PBXFileReference; fileEncoding = 4; lastKnownFileType = sourcecode.c.objc; name = xacBuffer.m; path = ../../PMDClientTCP/PMDClientTCP/xacBuffer.m; sourceTree = "<group>"; };
		154BFE5416CAD9AD00B4EFCF /* xacData.h */ = {isa = PBXFileReference; fileEncoding = 4; lastKnownFileType = sourcecode.c.h; name = xacData.h; path = ../../PMDClientTCP/PMDClientTCP/xacData.h; sourceTree = "<group>"; };
		154BFE5516CAD9AD00B4EFCF /* xacData.m */ = {isa = PBXFileReference; fileEncoding = 4; lastKnownFileType = sourcecode.c.objc; name = xacData.m; path = ../../PMDClientTCP/PMDClientTCP/xacData.m; sourceTree = "<group>"; };
		154BFE5616CAD9AD00B4EFCF /* xacNetworkStreaming.h */ = {isa = PBXFileReference; fileEncoding = 4; lastKnownFileType = sourcecode.c.h; name = xacNetworkStreaming.h; path = ../../PMDClientTCP/PMDClientTCP/xacNetworkStreaming.h; sourceTree = "<group>"; };
		154BFE5716CAD9AD00B4EFCF /* xacNetworkStreaming.m */ = {isa = PBXFileReference; fileEncoding = 4; lastKnownFileType = sourcecode.c.objc; name = xacNetworkStreaming.m; path = ../../PMDClientTCP/PMDClientTCP/xacNetworkStreaming.m; sourceTree = "<group>"; };
		154BFE5816CAD9AD00B4EFCF /* xacVector.h */ = {isa = PBXFileReference; fileEncoding = 4; lastKnownFileType = sourcecode.c.h; name = xacVector.h; path = ../../PMDClientTCP/PMDClientTCP/xacVector.h; sourceTree = "<group>"; };
		154BFE5916CAD9AD00B4EFCF /* xacVector.m */ = {isa = PBXFileReference; fileEncoding = 4; lastKnownFileType = sourcecode.c.objc; name = xacVector.m; path = ../../PMDClientTCP/PMDClientTCP/xacVector.m; sourceTree = "<group>"; };
		154BFE6716CAE11A00B4EFCF /* xacUIBehavior.h */ = {isa = PBXFileReference; fileEncoding = 4; lastKnownFileType = sourcecode.c.h; path = xacUIBehavior.h; sourceTree = "<group>"; };
		154BFE6816CAE11A00B4EFCF /* xacUIBehavior.m */ = {isa = PBXFileReference; fileEncoding = 4; lastKnownFileType = sourcecode.c.objc; path = xacUIBehavior.m; sourceTree = "<group>"; };
		154BFE6A16CAE15C00B4EFCF /* xacUIFade.h */ = {isa = PBXFileReference; fileEncoding = 4; lastKnownFileType = sourcecode.c.h; path = xacUIFade.h; sourceTree = "<group>"; };
		154BFE6B16CAE15C00B4EFCF /* xacUIFade.m */ = {isa = PBXFileReference; fileEncoding = 4; lastKnownFileType = sourcecode.c.objc; path = xacUIFade.m; sourceTree = "<group>"; };
		154BFE6D16CB0BF700B4EFCF /* xacConstants.h */ = {isa = PBXFileReference; lastKnownFileType = sourcecode.c.h; path = xacConstants.h; sourceTree = "<group>"; };
		154BFE6E16CB152900B4EFCF /* xacUIScroll.h */ = {isa = PBXFileReference; fileEncoding = 4; lastKnownFileType = sourcecode.c.h; path = xacUIScroll.h; sourceTree = "<group>"; };
		154BFE6F16CB152900B4EFCF /* xacUIScroll.m */ = {isa = PBXFileReference; fileEncoding = 4; lastKnownFileType = sourcecode.c.objc; path = xacUIScroll.m; sourceTree = "<group>"; };
		15DA8E5616EAB20400CD9031 /* xacTooltip.h */ = {isa = PBXFileReference; fileEncoding = 4; lastKnownFileType = sourcecode.c.h; path = xacTooltip.h; sourceTree = "<group>"; };
		15DA8E5716EAB20400CD9031 /* xacTooltip.m */ = {isa = PBXFileReference; fileEncoding = 4; lastKnownFileType = sourcecode.c.objc; path = xacTooltip.m; sourceTree = "<group>"; };
		15DA8E5916EABFCD00CD9031 /* xacUIHelp.h */ = {isa = PBXFileReference; fileEncoding = 4; lastKnownFileType = sourcecode.c.h; path = xacUIHelp.h; sourceTree = "<group>"; };
		15DA8E5A16EABFCD00CD9031 /* xacUIHelp.m */ = {isa = PBXFileReference; fileEncoding = 4; lastKnownFileType = sourcecode.c.objc; path = xacUIHelp.m; sourceTree = "<group>"; };
		15DA8E5C16EAC00D00CD9031 /* xacUIShadow.h */ = {isa = PBXFileReference; fileEncoding = 4; lastKnownFileType = sourcecode.c.h; path = xacUIShadow.h; sourceTree = "<group>"; };
		15DA8E5D16EAC00D00CD9031 /* xacUIShadow.m */ = {isa = PBXFileReference; fileEncoding = 4; lastKnownFileType = sourcecode.c.objc; path = xacUIShadow.m; sourceTree = "<group>"; };
		15DA8E7616F3B1B200CD9031 /* speed1.png */ = {isa = PBXFileReference; lastKnownFileType = image.png; path = speed1.png; sourceTree = "<group>"; };
		15DA8E7716F3B1B300CD9031 /* speed2.png */ = {isa = PBXFileReference; lastKnownFileType = image.png; path = speed2.png; sourceTree = "<group>"; };
		15DA8E7816F3B1B300CD9031 /* speed3.png */ = {isa = PBXFileReference; lastKnownFileType = image.png; path = speed3.png; sourceTree = "<group>"; };
		15DA8E7C16F3B23700CD9031 /* xacUIToast.h */ = {isa = PBXFileReference; fileEncoding = 4; lastKnownFileType = sourcecode.c.h; path = xacUIToast.h; sourceTree = "<group>"; };
		15DA8E7D16F3B23700CD9031 /* xacUIToast.m */ = {isa = PBXFileReference; fileEncoding = 4; lastKnownFileType = sourcecode.c.objc; path = xacUIToast.m; sourceTree = "<group>"; };
		15DA8E7F16F3BC4800CD9031 /* speed-down-1.png */ = {isa = PBXFileReference; lastKnownFileType = image.png; path = "speed-down-1.png"; sourceTree = "<group>"; };
		15DA8E8016F3BC4800CD9031 /* speed-down-2.png */ = {isa = PBXFileReference; lastKnownFileType = image.png; path = "speed-down-2.png"; sourceTree = "<group>"; };
		15DA8E8116F3BC4800CD9031 /* speed-down-3.png */ = {isa = PBXFileReference; lastKnownFileType = image.png; path = "speed-down-3.png"; sourceTree = "<group>"; };
		15E43E5716E52DEB00228CBC /* xacTextSelection.h */ = {isa = PBXFileReference; fileEncoding = 4; lastKnownFileType = sourcecode.c.h; path = xacTextSelection.h; sourceTree = "<group>"; };
		15E43E5816E52DEB00228CBC /* xacTextSelection.m */ = {isa = PBXFileReference; fileEncoding = 4; lastKnownFileType = sourcecode.c.objc; path = xacTextSelection.m; sourceTree = "<group>"; };
/* End PBXFileReference section */

/* Begin PBXFrameworksBuildPhase section */
		154BFE0016C9C09900B4EFCF /* Frameworks */ = {
			isa = PBXFrameworksBuildPhase;
			buildActionMask = 2147483647;
			files = (
				154BFE3916C9C5A500B4EFCF /* QuartzCore.framework in Frameworks */,
				154BFE0716C9C09900B4EFCF /* UIKit.framework in Frameworks */,
				154BFE0916C9C09900B4EFCF /* Foundation.framework in Frameworks */,
				154BFE0B16C9C09900B4EFCF /* CoreGraphics.framework in Frameworks */,
			);
			runOnlyForDeploymentPostprocessing = 0;
		};
/* End PBXFrameworksBuildPhase section */

/* Begin PBXGroup section */
		154BFDFA16C9C09900B4EFCF = {
			isa = PBXGroup;
			children = (
				154BFE0C16C9C09900B4EFCF /* antReader */,
				154BFE0516C9C09900B4EFCF /* Frameworks */,
				154BFE0416C9C09900B4EFCF /* Products */,
			);
			sourceTree = "<group>";
		};
		154BFE0416C9C09900B4EFCF /* Products */ = {
			isa = PBXGroup;
			children = (
				154BFE0316C9C09900B4EFCF /* antReader.app */,
			);
			name = Products;
			sourceTree = "<group>";
		};
		154BFE0516C9C09900B4EFCF /* Frameworks */ = {
			isa = PBXGroup;
			children = (
				154BFE3816C9C5A500B4EFCF /* QuartzCore.framework */,
				154BFE0616C9C09900B4EFCF /* UIKit.framework */,
				154BFE0816C9C09900B4EFCF /* Foundation.framework */,
				154BFE0A16C9C09900B4EFCF /* CoreGraphics.framework */,
			);
			name = Frameworks;
			sourceTree = "<group>";
		};
		154BFE0C16C9C09900B4EFCF /* antReader */ = {
			isa = PBXGroup;
			children = (
				15DA8E7F16F3BC4800CD9031 /* speed-down-1.png */,
				15DA8E8016F3BC4800CD9031 /* speed-down-2.png */,
				15DA8E8116F3BC4800CD9031 /* speed-down-3.png */,
				15DA8E7616F3B1B200CD9031 /* speed1.png */,
				15DA8E7716F3B1B300CD9031 /* speed2.png */,
				15DA8E7816F3B1B300CD9031 /* speed3.png */,
				154BFE6616CAE0DE00B4EFCF /* UI */,
				154BFE6516CAE0C000B4EFCF /* Basics */,
				154BFE3F16CAD98E00B4EFCF /* en.lproj */,
				154BFE4516CAD98E00B4EFCF /* xacAppDelegate.h */,
				154BFE4616CAD98E00B4EFCF /* xacAppDelegate.m */,
				154BFE4716CAD98E00B4EFCF /* xacViewController.h */,
				154BFE4816CAD98E00B4EFCF /* xacViewController.m */,
				154BFE0D16C9C09900B4EFCF /* Supporting Files */,
			);
			path = antReader;
			sourceTree = "<group>";
		};
		154BFE0D16C9C09900B4EFCF /* Supporting Files */ = {
			isa = PBXGroup;
			children = (
				154BFE3A16CAD98E00B4EFCF /* antReader-Info.plist */,
				154BFE3B16CAD98E00B4EFCF /* antReader-Prefix.pch */,
				154BFE3C16CAD98E00B4EFCF /* Default-568h@2x.png */,
				154BFE3D16CAD98E00B4EFCF /* Default.png */,
				154BFE3E16CAD98E00B4EFCF /* Default@2x.png */,
				154BFE4416CAD98E00B4EFCF /* main.m */,
			);
			name = "Supporting Files";
			sourceTree = "<group>";
		};
		154BFE3F16CAD98E00B4EFCF /* en.lproj */ = {
			isa = PBXGroup;
			children = (
				154BFE4016CAD98E00B4EFCF /* InfoPlist.strings */,
				154BFE4216CAD98E00B4EFCF /* MainStoryboard.storyboard */,
			);
			name = en.lproj;
			path = antReader/en.lproj;
			sourceTree = SOURCE_ROOT;
		};
		154BFE6516CAE0C000B4EFCF /* Basics */ = {
			isa = PBXGroup;
			children = (
				15DA8E7C16F3B23700CD9031 /* xacUIToast.h */,
				15DA8E7D16F3B23700CD9031 /* xacUIToast.m */,
				154BFE5216CAD9AD00B4EFCF /* xacBuffer.h */,
				154BFE5416CAD9AD00B4EFCF /* xacData.h */,
				154BFE5516CAD9AD00B4EFCF /* xacData.m */,
				154BFE5616CAD9AD00B4EFCF /* xacNetworkStreaming.h */,
				154BFE5716CAD9AD00B4EFCF /* xacNetworkStreaming.m */,
				154BFE5816CAD9AD00B4EFCF /* xacVector.h */,
				154BFE5916CAD9AD00B4EFCF /* xacVector.m */,
				154BFE5316CAD9AD00B4EFCF /* xacBuffer.m */,
				154BFE6D16CB0BF700B4EFCF /* xacConstants.h */,
			);
			name = Basics;
			sourceTree = "<group>";
		};
		154BFE6616CAE0DE00B4EFCF /* UI */ = {
			isa = PBXGroup;
			children = (
				154BFE6716CAE11A00B4EFCF /* xacUIBehavior.h */,
				154BFE6816CAE11A00B4EFCF /* xacUIBehavior.m */,
				154BFE6A16CAE15C00B4EFCF /* xacUIFade.h */,
				154BFE6B16CAE15C00B4EFCF /* xacUIFade.m */,
				154BFE6E16CB152900B4EFCF /* xacUIScroll.h */,
				154BFE6F16CB152900B4EFCF /* xacUIScroll.m */,
				15E43E5716E52DEB00228CBC /* xacTextSelection.h */,
				15E43E5816E52DEB00228CBC /* xacTextSelection.m */,
				15DA8E5616EAB20400CD9031 /* xacTooltip.h */,
				15DA8E5716EAB20400CD9031 /* xacTooltip.m */,
				15DA8E5916EABFCD00CD9031 /* xacUIHelp.h */,
				15DA8E5A16EABFCD00CD9031 /* xacUIHelp.m */,
				15DA8E5C16EAC00D00CD9031 /* xacUIShadow.h */,
				15DA8E5D16EAC00D00CD9031 /* xacUIShadow.m */,
			);
			name = UI;
			sourceTree = "<group>";
		};
/* End PBXGroup section */

/* Begin PBXNativeTarget section */
		154BFE0216C9C09900B4EFCF /* antReader */ = {
			isa = PBXNativeTarget;
			buildConfigurationList = 154BFE2616C9C09900B4EFCF /* Build configuration list for PBXNativeTarget "antReader" */;
			buildPhases = (
				154BFDFF16C9C09900B4EFCF /* Sources */,
				154BFE0016C9C09900B4EFCF /* Frameworks */,
				154BFE0116C9C09900B4EFCF /* Resources */,
			);
			buildRules = (
			);
			dependencies = (
			);
			name = antReader;
			productName = antReader;
			productReference = 154BFE0316C9C09900B4EFCF /* antReader.app */;
			productType = "com.apple.product-type.application";
		};
/* End PBXNativeTarget section */

/* Begin PBXProject section */
		154BFDFB16C9C09900B4EFCF /* Project object */ = {
			isa = PBXProject;
			attributes = {
				CLASSPREFIX = xac;
				LastUpgradeCheck = 0460;
				ORGANIZATIONNAME = hotnAny;
			};
			buildConfigurationList = 154BFDFE16C9C09900B4EFCF /* Build configuration list for PBXProject "antReader" */;
			compatibilityVersion = "Xcode 3.2";
			developmentRegion = English;
			hasScannedForEncodings = 0;
			knownRegions = (
				en,
			);
			mainGroup = 154BFDFA16C9C09900B4EFCF;
			productRefGroup = 154BFE0416C9C09900B4EFCF /* Products */;
			projectDirPath = "";
			projectRoot = "";
			targets = (
				154BFE0216C9C09900B4EFCF /* antReader */,
			);
		};
/* End PBXProject section */

/* Begin PBXResourcesBuildPhase section */
		154BFE0116C9C09900B4EFCF /* Resources */ = {
			isa = PBXResourcesBuildPhase;
			buildActionMask = 2147483647;
			files = (
				154BFE4916CAD98E00B4EFCF /* antReader-Info.plist in Resources */,
				154BFE4A16CAD98E00B4EFCF /* Default-568h@2x.png in Resources */,
				154BFE4B16CAD98E00B4EFCF /* Default.png in Resources */,
				154BFE4C16CAD98E00B4EFCF /* Default@2x.png in Resources */,
				154BFE4D16CAD98E00B4EFCF /* InfoPlist.strings in Resources */,
				154BFE4E16CAD98E00B4EFCF /* MainStoryboard.storyboard in Resources */,
				15DA8E7916F3B1B400CD9031 /* speed1.png in Resources */,
				15DA8E7A16F3B1B400CD9031 /* speed2.png in Resources */,
				15DA8E7B16F3B1B400CD9031 /* speed3.png in Resources */,
				15DA8E8216F3BC4900CD9031 /* speed-down-1.png in Resources */,
				15DA8E8316F3BC4900CD9031 /* speed-down-2.png in Resources */,
				15DA8E8416F3BC4900CD9031 /* speed-down-3.png in Resources */,
			);
			runOnlyForDeploymentPostprocessing = 0;
		};
/* End PBXResourcesBuildPhase section */

/* Begin PBXSourcesBuildPhase section */
		154BFDFF16C9C09900B4EFCF /* Sources */ = {
			isa = PBXSourcesBuildPhase;
			buildActionMask = 2147483647;
			files = (
				154BFE4F16CAD98E00B4EFCF /* main.m in Sources */,
				154BFE5016CAD98E00B4EFCF /* xacAppDelegate.m in Sources */,
				154BFE5116CAD98E00B4EFCF /* xacViewController.m in Sources */,
				154BFE5A16CAD9AD00B4EFCF /* xacBuffer.m in Sources */,
				154BFE5B16CAD9AD00B4EFCF /* xacData.m in Sources */,
				154BFE5C16CAD9AD00B4EFCF /* xacNetworkStreaming.m in Sources */,
				154BFE5D16CAD9AD00B4EFCF /* xacVector.m in Sources */,
				154BFE6916CAE11A00B4EFCF /* xacUIBehavior.m in Sources */,
				154BFE6C16CAE15C00B4EFCF /* xacUIFade.m in Sources */,
				154BFE7016CB152900B4EFCF /* xacUIScroll.m in Sources */,
				15E43E5916E52DEB00228CBC /* xacTextSelection.m in Sources */,
				15DA8E5816EAB20400CD9031 /* xacTooltip.m in Sources */,
				15DA8E5B16EABFCD00CD9031 /* xacUIHelp.m in Sources */,
				15DA8E5E16EAC00D00CD9031 /* xacUIShadow.m in Sources */,
				15DA8E7E16F3B23700CD9031 /* xacUIToast.m in Sources */,
			);
			runOnlyForDeploymentPostprocessing = 0;
		};
/* End PBXSourcesBuildPhase section */

/* Begin PBXVariantGroup section */
		154BFE4016CAD98E00B4EFCF /* InfoPlist.strings */ = {
			isa = PBXVariantGroup;
			children = (
				154BFE4116CAD98E00B4EFCF /* en */,
			);
			name = InfoPlist.strings;
			sourceTree = "<group>";
		};
		154BFE4216CAD98E00B4EFCF /* MainStoryboard.storyboard */ = {
			isa = PBXVariantGroup;
			children = (
				154BFE4316CAD98E00B4EFCF /* en */,
			);
			name = MainStoryboard.storyboard;
			sourceTree = "<group>";
		};
/* End PBXVariantGroup section */

/* Begin XCBuildConfiguration section */
		154BFE2416C9C09900B4EFCF /* Debug */ = {
			isa = XCBuildConfiguration;
			buildSettings = {
				ALWAYS_SEARCH_USER_PATHS = NO;
				CLANG_CXX_LANGUAGE_STANDARD = "gnu++0x";
				CLANG_CXX_LIBRARY = "libc++";
				CLANG_ENABLE_OBJC_ARC = YES;
				CLANG_WARN_CONSTANT_CONVERSION = YES;
				CLANG_WARN_EMPTY_BODY = YES;
				CLANG_WARN_ENUM_CONVERSION = YES;
				CLANG_WARN_INT_CONVERSION = YES;
				CLANG_WARN__DUPLICATE_METHOD_MATCH = YES;
				"CODE_SIGN_IDENTITY[sdk=iphoneos*]" = "iPhone Developer";
				COPY_PHASE_STRIP = NO;
				GCC_C_LANGUAGE_STANDARD = gnu99;
				GCC_DYNAMIC_NO_PIC = NO;
				GCC_OPTIMIZATION_LEVEL = 0;
				GCC_PREPROCESSOR_DEFINITIONS = (
					"DEBUG=1",
					"$(inherited)",
				);
				GCC_SYMBOLS_PRIVATE_EXTERN = NO;
				GCC_WARN_ABOUT_RETURN_TYPE = YES;
				GCC_WARN_UNINITIALIZED_AUTOS = YES;
				GCC_WARN_UNUSED_VARIABLE = YES;
				IPHONEOS_DEPLOYMENT_TARGET = 6.1;
				ONLY_ACTIVE_ARCH = YES;
				SDKROOT = iphoneos;
			};
			name = Debug;
		};
		154BFE2516C9C09900B4EFCF /* Release */ = {
			isa = XCBuildConfiguration;
			buildSettings = {
				ALWAYS_SEARCH_USER_PATHS = NO;
				CLANG_CXX_LANGUAGE_STANDARD = "gnu++0x";
				CLANG_CXX_LIBRARY = "libc++";
				CLANG_ENABLE_OBJC_ARC = YES;
				CLANG_WARN_CONSTANT_CONVERSION = YES;
				CLANG_WARN_EMPTY_BODY = YES;
				CLANG_WARN_ENUM_CONVERSION = YES;
				CLANG_WARN_INT_CONVERSION = YES;
				CLANG_WARN__DUPLICATE_METHOD_MATCH = YES;
				"CODE_SIGN_IDENTITY[sdk=iphoneos*]" = "iPhone Developer";
				COPY_PHASE_STRIP = YES;
				GCC_C_LANGUAGE_STANDARD = gnu99;
				GCC_WARN_ABOUT_RETURN_TYPE = YES;
				GCC_WARN_UNINITIALIZED_AUTOS = YES;
				GCC_WARN_UNUSED_VARIABLE = YES;
				IPHONEOS_DEPLOYMENT_TARGET = 6.1;
				OTHER_CFLAGS = "-DNS_BLOCK_ASSERTIONS=1";
				SDKROOT = iphoneos;
				VALIDATE_PRODUCT = YES;
			};
			name = Release;
		};
		154BFE2716C9C09900B4EFCF /* Debug */ = {
			isa = XCBuildConfiguration;
			buildSettings = {
				GCC_PRECOMPILE_PREFIX_HEADER = YES;
				GCC_PREFIX_HEADER = "antReader/antReader-Prefix.pch";
				INFOPLIST_FILE = "antReader/antReader-Info.plist";
				PRODUCT_NAME = antReader;
				WRAPPER_EXTENSION = app;
			};
			name = Debug;
		};
		154BFE2816C9C09900B4EFCF /* Release */ = {
			isa = XCBuildConfiguration;
			buildSettings = {
				GCC_PRECOMPILE_PREFIX_HEADER = YES;
				GCC_PREFIX_HEADER = "antReader/antReader-Prefix.pch";
				INFOPLIST_FILE = "antReader/antReader-Info.plist";
				PRODUCT_NAME = antReader;
				WRAPPER_EXTENSION = app;
			};
			name = Release;
		};
/* End XCBuildConfiguration section */

/* Begin XCConfigurationList section */
		154BFDFE16C9C09900B4EFCF /* Build configuration list for PBXProject "antReader" */ = {
			isa = XCConfigurationList;
			buildConfigurations = (
				154BFE2416C9C09900B4EFCF /* Debug */,
				154BFE2516C9C09900B4EFCF /* Release */,
			);
			defaultConfigurationIsVisible = 0;
			defaultConfigurationName = Release;
		};
		154BFE2616C9C09900B4EFCF /* Build configuration list for PBXNativeTarget "antReader" */ = {
			isa = XCConfigurationList;
			buildConfigurations = (
				154BFE2716C9C09900B4EFCF /* Debug */,
				154BFE2816C9C09900B4EFCF /* Release */,
			);
			defaultConfigurationIsVisible = 0;
			defaultConfigurationName = Release;
		};
/* End XCConfigurationList section */
	};
	rootObject = 154BFDFB16C9C09900B4EFCF /* Project object */;
}
