// !$*UTF8*$!
{
	archiveVersion = 1;
	classes = {
	};
	objectVersion = 46;
	objects = {

/* Begin PBXBuildFile section */
		154BFE0716C9C09900B4EFCF /* UIKit.framework in Frameworks */ = {isa = PBXBuildFile; fileRef = 154BFE0616C9C09900B4EFCF /* UIKit.framework */; };
		154BFE0916C9C09900B4EFCF /* Foundation.framework in Frameworks */ = {isa = PBXBuildFile; fileRef = 154BFE0816C9C09900B4EFCF /* Foundation.framework */; };
		154BFE0B16C9C09900B4EFCF /* CoreGraphics.framework in Frameworks */ = {isa = PBXBuildFile; fileRef = 154BFE0A16C9C09900B4EFCF /* CoreGraphics.framework */; };
		154BFE1116C9C09900B4EFCF /* InfoPlist.strings in Resources */ = {isa = PBXBuildFile; fileRef = 154BFE0F16C9C09900B4EFCF /* InfoPlist.strings */; };
		154BFE1316C9C09900B4EFCF /* main.m in Sources */ = {isa = PBXBuildFile; fileRef = 154BFE1216C9C09900B4EFCF /* main.m */; };
		154BFE1716C9C09900B4EFCF /* xacAppDelegate.m in Sources */ = {isa = PBXBuildFile; fileRef = 154BFE1616C9C09900B4EFCF /* xacAppDelegate.m */; };
		154BFE1916C9C09900B4EFCF /* Default.png in Resources */ = {isa = PBXBuildFile; fileRef = 154BFE1816C9C09900B4EFCF /* Default.png */; };
		154BFE1B16C9C09900B4EFCF /* Default@2x.png in Resources */ = {isa = PBXBuildFile; fileRef = 154BFE1A16C9C09900B4EFCF /* Default@2x.png */; };
		154BFE1D16C9C09900B4EFCF /* Default-568h@2x.png in Resources */ = {isa = PBXBuildFile; fileRef = 154BFE1C16C9C09900B4EFCF /* Default-568h@2x.png */; };
		154BFE2016C9C09900B4EFCF /* MainStoryboard.storyboard in Resources */ = {isa = PBXBuildFile; fileRef = 154BFE1E16C9C09900B4EFCF /* MainStoryboard.storyboard */; };
		154BFE2316C9C09900B4EFCF /* xacViewController.m in Sources */ = {isa = PBXBuildFile; fileRef = 154BFE2216C9C09900B4EFCF /* xacViewController.m */; };
/* End PBXBuildFile section */

/* Begin PBXFileReference section */
		154BFE0316C9C09900B4EFCF /* antRange.app */ = {isa = PBXFileReference; explicitFileType = wrapper.application; includeInIndex = 0; path = antRange.app; sourceTree = BUILT_PRODUCTS_DIR; };
		154BFE0616C9C09900B4EFCF /* UIKit.framework */ = {isa = PBXFileReference; lastKnownFileType = wrapper.framework; name = UIKit.framework; path = System/Library/Frameworks/UIKit.framework; sourceTree = SDKROOT; };
		154BFE0816C9C09900B4EFCF /* Foundation.framework */ = {isa = PBXFileReference; lastKnownFileType = wrapper.framework; name = Foundation.framework; path = System/Library/Frameworks/Foundation.framework; sourceTree = SDKROOT; };
		154BFE0A16C9C09900B4EFCF /* CoreGraphics.framework */ = {isa = PBXFileReference; lastKnownFileType = wrapper.framework; name = CoreGraphics.framework; path = System/Library/Frameworks/CoreGraphics.framework; sourceTree = SDKROOT; };
		154BFE0E16C9C09900B4EFCF /* antRange-Info.plist */ = {isa = PBXFileReference; lastKnownFileType = text.plist.xml; path = "antRange-Info.plist"; sourceTree = "<group>"; };
		154BFE1016C9C09900B4EFCF /* en */ = {isa = PBXFileReference; lastKnownFileType = text.plist.strings; name = en; path = en.lproj/InfoPlist.strings; sourceTree = "<group>"; };
		154BFE1216C9C09900B4EFCF /* main.m */ = {isa = PBXFileReference; lastKnownFileType = sourcecode.c.objc; path = main.m; sourceTree = "<group>"; };
		154BFE1416C9C09900B4EFCF /* antRange-Prefix.pch */ = {isa = PBXFileReference; lastKnownFileType = sourcecode.c.h; path = "antRange-Prefix.pch"; sourceTree = "<group>"; };
		154BFE1516C9C09900B4EFCF /* xacAppDelegate.h */ = {isa = PBXFileReference; lastKnownFileType = sourcecode.c.h; path = xacAppDelegate.h; sourceTree = "<group>"; };
		154BFE1616C9C09900B4EFCF /* xacAppDelegate.m */ = {isa = PBXFileReference; lastKnownFileType = sourcecode.c.objc; path = xacAppDelegate.m; sourceTree = "<group>"; };
		154BFE1816C9C09900B4EFCF /* Default.png */ = {isa = PBXFileReference; lastKnownFileType = image.png; path = Default.png; sourceTree = "<group>"; };
		154BFE1A16C9C09900B4EFCF /* Default@2x.png */ = {isa = PBXFileReference; lastKnownFileType = image.png; path = "Default@2x.png"; sourceTree = "<group>"; };
		154BFE1C16C9C09900B4EFCF /* Default-568h@2x.png */ = {isa = PBXFileReference; lastKnownFileType = image.png; path = "Default-568h@2x.png"; sourceTree = "<group>"; };
		154BFE1F16C9C09900B4EFCF /* en */ = {isa = PBXFileReference; lastKnownFileType = file.storyboard; name = en; path = en.lproj/MainStoryboard.storyboard; sourceTree = "<group>"; };
		154BFE2116C9C09900B4EFCF /* xacViewController.h */ = {isa = PBXFileReference; lastKnownFileType = sourcecode.c.h; path = xacViewController.h; sourceTree = "<group>"; };
		154BFE2216C9C09900B4EFCF /* xacViewController.m */ = {isa = PBXFileReference; lastKnownFileType = sourcecode.c.objc; path = xacViewController.m; sourceTree = "<group>"; };
/* End PBXFileReference section */

/* Begin PBXFrameworksBuildPhase section */
		154BFE0016C9C09900B4EFCF /* Frameworks */ = {
			isa = PBXFrameworksBuildPhase;
			buildActionMask = 2147483647;
			files = (
				154BFE0716C9C09900B4EFCF /* UIKit.framework in Frameworks */,
				154BFE0916C9C09900B4EFCF /* Foundation.framework in Frameworks */,
				154BFE0B16C9C09900B4EFCF /* CoreGraphics.framework in Frameworks */,
			);
			runOnlyForDeploymentPostprocessing = 0;
		};
/* End PBXFrameworksBuildPhase section */

/* Begin PBXGroup section */
		154BFDFA16C9C09900B4EFCF = {
			isa = PBXGroup;
			children = (
				154BFE0C16C9C09900B4EFCF /* antRange */,
				154BFE0516C9C09900B4EFCF /* Frameworks */,
				154BFE0416C9C09900B4EFCF /* Products */,
			);
			sourceTree = "<group>";
		};
		154BFE0416C9C09900B4EFCF /* Products */ = {
			isa = PBXGroup;
			children = (
				154BFE0316C9C09900B4EFCF /* antRange.app */,
			);
			name = Products;
			sourceTree = "<group>";
		};
		154BFE0516C9C09900B4EFCF /* Frameworks */ = {
			isa = PBXGroup;
			children = (
				154BFE0616C9C09900B4EFCF /* UIKit.framework */,
				154BFE0816C9C09900B4EFCF /* Foundation.framework */,
				154BFE0A16C9C09900B4EFCF /* CoreGraphics.framework */,
			);
			name = Frameworks;
			sourceTree = "<group>";
		};
		154BFE0C16C9C09900B4EFCF /* antRange */ = {
			isa = PBXGroup;
			children = (
				154BFE1516C9C09900B4EFCF /* xacAppDelegate.h */,
				154BFE1616C9C09900B4EFCF /* xacAppDelegate.m */,
				154BFE1E16C9C09900B4EFCF /* MainStoryboard.storyboard */,
				154BFE2116C9C09900B4EFCF /* xacViewController.h */,
				154BFE2216C9C09900B4EFCF /* xacViewController.m */,
				154BFE0D16C9C09900B4EFCF /* Supporting Files */,
			);
			path = antRange;
			sourceTree = "<group>";
		};
		154BFE0D16C9C09900B4EFCF /* Supporting Files */ = {
			isa = PBXGroup;
			children = (
				154BFE0E16C9C09900B4EFCF /* antRange-Info.plist */,
				154BFE0F16C9C09900B4EFCF /* InfoPlist.strings */,
				154BFE1216C9C09900B4EFCF /* main.m */,
				154BFE1416C9C09900B4EFCF /* antRange-Prefix.pch */,
				154BFE1816C9C09900B4EFCF /* Default.png */,
				154BFE1A16C9C09900B4EFCF /* Default@2x.png */,
				154BFE1C16C9C09900B4EFCF /* Default-568h@2x.png */,
			);
			name = "Supporting Files";
			sourceTree = "<group>";
		};
/* End PBXGroup section */

/* Begin PBXNativeTarget section */
		154BFE0216C9C09900B4EFCF /* antRange */ = {
			isa = PBXNativeTarget;
			buildConfigurationList = 154BFE2616C9C09900B4EFCF /* Build configuration list for PBXNativeTarget "antRange" */;
			buildPhases = (
				154BFDFF16C9C09900B4EFCF /* Sources */,
				154BFE0016C9C09900B4EFCF /* Frameworks */,
				154BFE0116C9C09900B4EFCF /* Resources */,
			);
			buildRules = (
			);
			dependencies = (
			);
			name = antRange;
			productName = antRange;
			productReference = 154BFE0316C9C09900B4EFCF /* antRange.app */;
			productType = "com.apple.product-type.application";
		};
/* End PBXNativeTarget section */

/* Begin PBXProject section */
		154BFDFB16C9C09900B4EFCF /* Project object */ = {
			isa = PBXProject;
			attributes = {
				CLASSPREFIX = xac;
				LastUpgradeCheck = 0460;
				ORGANIZATIONNAME = hotnAny;
			};
			buildConfigurationList = 154BFDFE16C9C09900B4EFCF /* Build configuration list for PBXProject "antRange" */;
			compatibilityVersion = "Xcode 3.2";
			developmentRegion = English;
			hasScannedForEncodings = 0;
			knownRegions = (
				en,
			);
			mainGroup = 154BFDFA16C9C09900B4EFCF;
			productRefGroup = 154BFE0416C9C09900B4EFCF /* Products */;
			projectDirPath = "";
			projectRoot = "";
			targets = (
				154BFE0216C9C09900B4EFCF /* antRange */,
			);
		};
/* End PBXProject section */

/* Begin PBXResourcesBuildPhase section */
		154BFE0116C9C09900B4EFCF /* Resources */ = {
			isa = PBXResourcesBuildPhase;
			buildActionMask = 2147483647;
			files = (
				154BFE1116C9C09900B4EFCF /* InfoPlist.strings in Resources */,
				154BFE1916C9C09900B4EFCF /* Default.png in Resources */,
				154BFE1B16C9C09900B4EFCF /* Default@2x.png in Resources */,
				154BFE1D16C9C09900B4EFCF /* Default-568h@2x.png in Resources */,
				154BFE2016C9C09900B4EFCF /* MainStoryboard.storyboard in Resources */,
			);
			runOnlyForDeploymentPostprocessing = 0;
		};
/* End PBXResourcesBuildPhase section */

/* Begin PBXSourcesBuildPhase section */
		154BFDFF16C9C09900B4EFCF /* Sources */ = {
			isa = PBXSourcesBuildPhase;
			buildActionMask = 2147483647;
			files = (
				154BFE1316C9C09900B4EFCF /* main.m in Sources */,
				154BFE1716C9C09900B4EFCF /* xacAppDelegate.m in Sources */,
				154BFE2316C9C09900B4EFCF /* xacViewController.m in Sources */,
			);
			runOnlyForDeploymentPostprocessing = 0;
		};
/* End PBXSourcesBuildPhase section */

/* Begin PBXVariantGroup section */
		154BFE0F16C9C09900B4EFCF /* InfoPlist.strings */ = {
			isa = PBXVariantGroup;
			children = (
				154BFE1016C9C09900B4EFCF /* en */,
			);
			name = InfoPlist.strings;
			sourceTree = "<group>";
		};
		154BFE1E16C9C09900B4EFCF /* MainStoryboard.storyboard */ = {
			isa = PBXVariantGroup;
			children = (
				154BFE1F16C9C09900B4EFCF /* en */,
			);
			name = MainStoryboard.storyboard;
			sourceTree = "<group>";
		};
/* End PBXVariantGroup section */

/* Begin XCBuildConfiguration section */
		154BFE2416C9C09900B4EFCF /* Debug */ = {
			isa = XCBuildConfiguration;
			buildSettings = {
				ALWAYS_SEARCH_USER_PATHS = NO;
				CLANG_CXX_LANGUAGE_STANDARD = "gnu++0x";
				CLANG_CXX_LIBRARY = "libc++";
				CLANG_ENABLE_OBJC_ARC = YES;
				CLANG_WARN_CONSTANT_CONVERSION = YES;
				CLANG_WARN_EMPTY_BODY = YES;
				CLANG_WARN_ENUM_CONVERSION = YES;
				CLANG_WARN_INT_CONVERSION = YES;
				CLANG_WARN__DUPLICATE_METHOD_MATCH = YES;
				"CODE_SIGN_IDENTITY[sdk=iphoneos*]" = "iPhone Developer";
				COPY_PHASE_STRIP = NO;
				GCC_C_LANGUAGE_STANDARD = gnu99;
				GCC_DYNAMIC_NO_PIC = NO;
				GCC_OPTIMIZATION_LEVEL = 0;
				GCC_PREPROCESSOR_DEFINITIONS = (
					"DEBUG=1",
					"$(inherited)",
				);
				GCC_SYMBOLS_PRIVATE_EXTERN = NO;
				GCC_WARN_ABOUT_RETURN_TYPE = YES;
				GCC_WARN_UNINITIALIZED_AUTOS = YES;
				GCC_WARN_UNUSED_VARIABLE = YES;
				IPHONEOS_DEPLOYMENT_TARGET = 6.1;
				ONLY_ACTIVE_ARCH = YES;
				SDKROOT = iphoneos;
			};
			name = Debug;
		};
		154BFE2516C9C09900B4EFCF /* Release */ = {
			isa = XCBuildConfiguration;
			buildSettings = {
				ALWAYS_SEARCH_USER_PATHS = NO;
				CLANG_CXX_LANGUAGE_STANDARD = "gnu++0x";
				CLANG_CXX_LIBRARY = "libc++";
				CLANG_ENABLE_OBJC_ARC = YES;
				CLANG_WARN_CONSTANT_CONVERSION = YES;
				CLANG_WARN_EMPTY_BODY = YES;
				CLANG_WARN_ENUM_CONVERSION = YES;
				CLANG_WARN_INT_CONVERSION = YES;
				CLANG_WARN__DUPLICATE_METHOD_MATCH = YES;
				"CODE_SIGN_IDENTITY[sdk=iphoneos*]" = "iPhone Developer";
				COPY_PHASE_STRIP = YES;
				GCC_C_LANGUAGE_STANDARD = gnu99;
				GCC_WARN_ABOUT_RETURN_TYPE = YES;
				GCC_WARN_UNINITIALIZED_AUTOS = YES;
				GCC_WARN_UNUSED_VARIABLE = YES;
				IPHONEOS_DEPLOYMENT_TARGET = 6.1;
				OTHER_CFLAGS = "-DNS_BLOCK_ASSERTIONS=1";
				SDKROOT = iphoneos;
				VALIDATE_PRODUCT = YES;
			};
			name = Release;
		};
		154BFE2716C9C09900B4EFCF /* Debug */ = {
			isa = XCBuildConfiguration;
			buildSettings = {
				GCC_PRECOMPILE_PREFIX_HEADER = YES;
				GCC_PREFIX_HEADER = "antRange/antRange-Prefix.pch";
				INFOPLIST_FILE = "antRange/antRange-Info.plist";
				PRODUCT_NAME = "$(TARGET_NAME)";
				WRAPPER_EXTENSION = app;
			};
			name = Debug;
		};
		154BFE2816C9C09900B4EFCF /* Release */ = {
			isa = XCBuildConfiguration;
			buildSettings = {
				GCC_PRECOMPILE_PREFIX_HEADER = YES;
				GCC_PREFIX_HEADER = "antRange/antRange-Prefix.pch";
				INFOPLIST_FILE = "antRange/antRange-Info.plist";
				PRODUCT_NAME = "$(TARGET_NAME)";
				WRAPPER_EXTENSION = app;
			};
			name = Release;
		};
/* End XCBuildConfiguration section */

/* Begin XCConfigurationList section */
		154BFDFE16C9C09900B4EFCF /* Build configuration list for PBXProject "antRange" */ = {
			isa = XCConfigurationList;
			buildConfigurations = (
				154BFE2416C9C09900B4EFCF /* Debug */,
				154BFE2516C9C09900B4EFCF /* Release */,
			);
			defaultConfigurationIsVisible = 0;
			defaultConfigurationName = Release;
		};
		154BFE2616C9C09900B4EFCF /* Build configuration list for PBXNativeTarget "antRange" */ = {
			isa = XCConfigurationList;
			buildConfigurations = (
				154BFE2716C9C09900B4EFCF /* Debug */,
				154BFE2816C9C09900B4EFCF /* Release */,
			);
			defaultConfigurationIsVisible = 0;
		};
/* End XCConfigurationList section */
	};
	rootObject = 154BFDFB16C9C09900B4EFCF /* Project object */;
}
