<?xml version="1.0" encoding="utf-8"?>
<Project ToolsVersion="4.0" xmlns="http://schemas.microsoft.com/developer/msbuild/2003">
  <ItemGroup>
    <ClCompile Include="PhoneCalibration.cpp">
      <Filter>Source Files</Filter>
    </ClCompile>
    <ClCompile Include="PMDCamera.cpp">
      <Filter>Source Files</Filter>
    </ClCompile>
    <ClCompile Include="PMDUtils.cpp">
      <Filter>Source Files</Filter>
    </ClCompile>
    <ClCompile Include="PMDOptions.cpp">
      <Filter>Source Files</Filter>
    </ClCompile>
  </ItemGroup>
  <ItemGroup>
    <ClInclude Include="PhoneCalibration.h">
      <Filter>Header Files</Filter>
    </ClInclude>
    <ClInclude Include="PMDCamera.h">
      <Filter>Header Files</Filter>
    </ClInclude>
    <ClInclude Include="PMDConstants.h">
      <Filter>Header Files</Filter>
    </ClInclude>
    <ClInclude Include="pmddata.h">
      <Filter>Header Files</Filter>
    </ClInclude>
    <ClInclude Include="PMDUtils.h">
      <Filter>Header Files</Filter>
    </ClInclude>
    <ClInclude Include="simplewinsock.h">
      <Filter>Header Files</Filter>
    </ClInclude>
    <ClInclude Include="strutils.h">
      <Filter>Header Files</Filter>
    </ClInclude>
    <ClInclude Include="PMDOptions.h">
      <Filter>Header Files</Filter>
    </ClInclude>
  </ItemGroup>
  <ItemGroup>
    <Filter Include="Header Files">
      <UniqueIdentifier>{2ce7cd47-d770-45c5-893b-1b7079482172}</UniqueIdentifier>
      <Extensions>h;hpp;hxx;hm;inl;inc;xsd</Extensions>
    </Filter>
    <Filter Include="Source Files">
      <UniqueIdentifier>{29cd9087-8f72-4898-a1fb-442605d34efe}</UniqueIdentifier>
      <Extensions>.cpp</Extensions>
    </Filter>
  </ItemGroup>
</Project>